
Microsoft Visual Studio Solution File, Format Version 12.00
# Visual Studio Version 17
VisualStudioVersion = 17.3.32901.215
MinimumVisualStudioVersion = 10.0.40219.1
Project("{FAE04EC0-301F-11D3-BF4B-00C04F79EFBC}") = "JiraAutomation", "JiraAutomation.csproj", "{DC4583D3-E84D-48FD-AB0B-12C485CEA52B}"
EndProject
Global
	GlobalSection(SolutionConfigurationPlatforms) = preSolution
		Debug|Any CPU = Debug|Any CPU
		Release|Any CPU = Release|Any CPU
	EndGlobalSection
	GlobalSection(ProjectConfigurationPlatforms) = postSolution
		{DC4583D3-E84D-48FD-AB0B-12C485CEA52B}.Debug|Any CPU.ActiveCfg = Debug|Any CPU
		{DC4583D3-E84D-48FD-AB0B-12C485CEA52B}.Debug|Any CPU.Build.0 = Debug|Any CPU
		{DC4583D3-E84D-48FD-AB0B-12C485CEA52B}.Release|Any CPU.ActiveCfg = Release|Any CPU
		{DC4583D3-E84D-48FD-AB0B-12C485CEA52B}.Release|Any CPU.Build.0 = Release|Any CPU
	EndGlobalSection
	GlobalSection(SolutionProperties) = preSolution
		HideSolutionNode = FALSE
	EndGlobalSection
	GlobalSection(ExtensibilityGlobals) = postSolution
		SolutionGuid = {C58EBB7A-146F-4B81-AFD5-078CB320F293}
	EndGlobalSection
EndGlobal
